
Microsoft Visual Studio Solution File, Format Version 12.00
# Visual Studio Version 17
VisualStudioVersion = 17.7.34031.279
MinimumVisualStudioVersion = 10.0.40219.1
Project("{FAE04EC0-301F-11D3-BF4B-00C04F79EFBC}") = "odev", "odev\odev.csproj", "{7CC11835-B692-4C84-BA35-08B454A6FA95}"
EndProject
Global
	GlobalSection(SolutionConfigurationPlatforms) = preSolution
		Debug|Any CPU = Debug|Any CPU
		Release|Any CPU = Release|Any CPU
	EndGlobalSection
	GlobalSection(ProjectConfigurationPlatforms) = postSolution
		{7CC11835-B692-4C84-BA35-08B454A6FA95}.Debug|Any CPU.ActiveCfg = Debug|Any CPU
		{7CC11835-B692-4C84-BA35-08B454A6FA95}.Debug|Any CPU.Build.0 = Debug|Any CPU
		{7CC11835-B692-4C84-BA35-08B454A6FA95}.Release|Any CPU.ActiveCfg = Release|Any CPU
		{7CC11835-B692-4C84-BA35-08B454A6FA95}.Release|Any CPU.Build.0 = Release|Any CPU
	EndGlobalSection
	GlobalSection(SolutionProperties) = preSolution
		HideSolutionNode = FALSE
	EndGlobalSection
	GlobalSection(ExtensibilityGlobals) = postSolution
		SolutionGuid = {255C2064-0BE7-47CE-8E06-B0073E18B891}
	EndGlobalSection
EndGlobal
